
Microsoft Visual Studio Solution File, Format Version 12.00
# Visual Studio Version 17
VisualStudioVersion = 17.0.31903.59
MinimumVisualStudioVersion = 10.0.40219.1
Project("{2150E333-8FDC-42A3-9474-1A3956D46DE8}") = "UserManagement", "UserManagement", "{2448B07F-6398-4219-8057-0C90133DE4A0}"
EndProject
Project("{FAE04EC0-301F-11D3-BF4B-00C04F79EFBC}") = "UserManagement.Domain", "UserManagement\UserManagement.Domain\UserManagement.Domain.csproj", "{A48CAB70-266F-496A-B5BD-6E31806034FF}"
EndProject
Project("{FAE04EC0-301F-11D3-BF4B-00C04F79EFBC}") = "UserManagement.Application", "UserManagement\UserManagement.Application\UserManagement.Application.csproj", "{98EA27C1-3334-417D-8422-BD3DB984AF45}"
EndProject
Project("{FAE04EC0-301F-11D3-BF4B-00C04F79EFBC}") = "UserManagement.Infrastructure", "UserManagement\UserManagement.Infrastructure\UserManagement.Infrastructure.csproj", "{78DAF9C0-9AAE-43E4-A1A8-34CBEF60214E}"
EndProject
Project("{FAE04EC0-301F-11D3-BF4B-00C04F79EFBC}") = "UserManagement.Persistence", "UserManagement\UserManagement.Persistence\UserManagement.Persistence.csproj", "{383C24CD-2FBB-415B-BC75-2845B9ABD7AF}"
EndProject
Project("{FAE04EC0-301F-11D3-BF4B-00C04F79EFBC}") = "UserManagement.Presentation", "UserManagement\UserManagement.Presentation\UserManagement.Presentation.csproj", "{BDFBB51B-219B-4D3C-99EE-E4BD49F27111}"
EndProject
Global
	GlobalSection(SolutionConfigurationPlatforms) = preSolution
		Debug|Any CPU = Debug|Any CPU
		Release|Any CPU = Release|Any CPU
	EndGlobalSection
	GlobalSection(SolutionProperties) = preSolution
		HideSolutionNode = FALSE
	EndGlobalSection
	GlobalSection(ProjectConfigurationPlatforms) = postSolution
		{A48CAB70-266F-496A-B5BD-6E31806034FF}.Debug|Any CPU.ActiveCfg = Debug|Any CPU
		{A48CAB70-266F-496A-B5BD-6E31806034FF}.Debug|Any CPU.Build.0 = Debug|Any CPU
		{A48CAB70-266F-496A-B5BD-6E31806034FF}.Release|Any CPU.ActiveCfg = Release|Any CPU
		{A48CAB70-266F-496A-B5BD-6E31806034FF}.Release|Any CPU.Build.0 = Release|Any CPU
		{98EA27C1-3334-417D-8422-BD3DB984AF45}.Debug|Any CPU.ActiveCfg = Debug|Any CPU
		{98EA27C1-3334-417D-8422-BD3DB984AF45}.Debug|Any CPU.Build.0 = Debug|Any CPU
		{98EA27C1-3334-417D-8422-BD3DB984AF45}.Release|Any CPU.ActiveCfg = Release|Any CPU
		{98EA27C1-3334-417D-8422-BD3DB984AF45}.Release|Any CPU.Build.0 = Release|Any CPU
		{78DAF9C0-9AAE-43E4-A1A8-34CBEF60214E}.Debug|Any CPU.ActiveCfg = Debug|Any CPU
		{78DAF9C0-9AAE-43E4-A1A8-34CBEF60214E}.Debug|Any CPU.Build.0 = Debug|Any CPU
		{78DAF9C0-9AAE-43E4-A1A8-34CBEF60214E}.Release|Any CPU.ActiveCfg = Release|Any CPU
		{78DAF9C0-9AAE-43E4-A1A8-34CBEF60214E}.Release|Any CPU.Build.0 = Release|Any CPU
		{383C24CD-2FBB-415B-BC75-2845B9ABD7AF}.Debug|Any CPU.ActiveCfg = Debug|Any CPU
		{383C24CD-2FBB-415B-BC75-2845B9ABD7AF}.Debug|Any CPU.Build.0 = Debug|Any CPU
		{383C24CD-2FBB-415B-BC75-2845B9ABD7AF}.Release|Any CPU.ActiveCfg = Release|Any CPU
		{383C24CD-2FBB-415B-BC75-2845B9ABD7AF}.Release|Any CPU.Build.0 = Release|Any CPU
		{BDFBB51B-219B-4D3C-99EE-E4BD49F27111}.Debug|Any CPU.ActiveCfg = Debug|Any CPU
		{BDFBB51B-219B-4D3C-99EE-E4BD49F27111}.Debug|Any CPU.Build.0 = Debug|Any CPU
		{BDFBB51B-219B-4D3C-99EE-E4BD49F27111}.Release|Any CPU.ActiveCfg = Release|Any CPU
		{BDFBB51B-219B-4D3C-99EE-E4BD49F27111}.Release|Any CPU.Build.0 = Release|Any CPU
	EndGlobalSection
	GlobalSection(NestedProjects) = preSolution
		{A48CAB70-266F-496A-B5BD-6E31806034FF} = {2448B07F-6398-4219-8057-0C90133DE4A0}
		{98EA27C1-3334-417D-8422-BD3DB984AF45} = {2448B07F-6398-4219-8057-0C90133DE4A0}
		{78DAF9C0-9AAE-43E4-A1A8-34CBEF60214E} = {2448B07F-6398-4219-8057-0C90133DE4A0}
		{383C24CD-2FBB-415B-BC75-2845B9ABD7AF} = {2448B07F-6398-4219-8057-0C90133DE4A0}
		{BDFBB51B-219B-4D3C-99EE-E4BD49F27111} = {2448B07F-6398-4219-8057-0C90133DE4A0}
	EndGlobalSection
EndGlobal
